
Microsoft Visual Studio Solution File, Format Version 11.00
# Visual Studio 2010
Project("{8BC9CEB8-8B4A-11D0-8D11-00A0C91BC942}") = "Difference", "Difference\Difference.vcxproj", "{7253EA6B-E5DE-4E04-8AB1-9D7FAB773F85}"
EndProject
Project("{8BC9CEB8-8B4A-11D0-8D11-00A0C91BC942}") = "HeapSort", "HeapSort\HeapSort.vcxproj", "{91D2D096-85EB-4AA9-AB61-A37E76A50817}"
EndProject
Project("{8BC9CEB8-8B4A-11D0-8D11-00A0C91BC942}") = "RandGame", "RandGame\RandGame.vcxproj", "{40433C2E-E2F4-416C-91FC-CBE0727ED4DD}"
EndProject
Project("{8BC9CEB8-8B4A-11D0-8D11-00A0C91BC942}") = "SwitchPath", "SwitchPath\SwitchPath.vcxproj", "{D2BAA0C7-F1A0-4664-8955-F89429B412E5}"
EndProject
Global
	GlobalSection(SolutionConfigurationPlatforms) = preSolution
		Debug|Win32 = Debug|Win32
		Release|Win32 = Release|Win32
	EndGlobalSection
	GlobalSection(ProjectConfigurationPlatforms) = postSolution
		{7253EA6B-E5DE-4E04-8AB1-9D7FAB773F85}.Debug|Win32.ActiveCfg = Debug|Win32
		{7253EA6B-E5DE-4E04-8AB1-9D7FAB773F85}.Debug|Win32.Build.0 = Debug|Win32
		{7253EA6B-E5DE-4E04-8AB1-9D7FAB773F85}.Release|Win32.ActiveCfg = Release|Win32
		{7253EA6B-E5DE-4E04-8AB1-9D7FAB773F85}.Release|Win32.Build.0 = Release|Win32
		{91D2D096-85EB-4AA9-AB61-A37E76A50817}.Debug|Win32.ActiveCfg = Debug|Win32
		{91D2D096-85EB-4AA9-AB61-A37E76A50817}.Debug|Win32.Build.0 = Debug|Win32
		{91D2D096-85EB-4AA9-AB61-A37E76A50817}.Release|Win32.ActiveCfg = Release|Win32
		{91D2D096-85EB-4AA9-AB61-A37E76A50817}.Release|Win32.Build.0 = Release|Win32
		{40433C2E-E2F4-416C-91FC-CBE0727ED4DD}.Debug|Win32.ActiveCfg = Debug|Win32
		{40433C2E-E2F4-416C-91FC-CBE0727ED4DD}.Debug|Win32.Build.0 = Debug|Win32
		{40433C2E-E2F4-416C-91FC-CBE0727ED4DD}.Release|Win32.ActiveCfg = Release|Win32
		{40433C2E-E2F4-416C-91FC-CBE0727ED4DD}.Release|Win32.Build.0 = Release|Win32
		{D2BAA0C7-F1A0-4664-8955-F89429B412E5}.Debug|Win32.ActiveCfg = Debug|Win32
		{D2BAA0C7-F1A0-4664-8955-F89429B412E5}.Debug|Win32.Build.0 = Debug|Win32
		{D2BAA0C7-F1A0-4664-8955-F89429B412E5}.Release|Win32.ActiveCfg = Release|Win32
		{D2BAA0C7-F1A0-4664-8955-F89429B412E5}.Release|Win32.Build.0 = Release|Win32
	EndGlobalSection
	GlobalSection(SolutionProperties) = preSolution
		HideSolutionNode = FALSE
	EndGlobalSection
EndGlobal
